// !$*UTF8*$!
{
	archiveVersion = 1;
	classes = {
	};
	objectVersion = 46;
	objects = {

/* Begin PBXBuildFile section */
		85BC94A90A7CC9773FDC2C22 /* Pods_Instagram_Client.framework in Frameworks */ = {isa = PBXBuildFile; fileRef = 78CC0A8BB248F3B212CA2504 /* Pods_Instagram_Client.framework */; };
		9937B91E1CE13C5000A4265A /* YKEasyAlertController.swift in Sources */ = {isa = PBXBuildFile; fileRef = 9937B91D1CE13C5000A4265A /* YKEasyAlertController.swift */; };
		9937B9201CE13DDE00A4265A /* PhotoDetailVC.swift in Sources */ = {isa = PBXBuildFile; fileRef = 9937B91F1CE13DDE00A4265A /* PhotoDetailVC.swift */; };
		9960A7131CDE0FE000906902 /* AppDelegate.swift in Sources */ = {isa = PBXBuildFile; fileRef = 9960A7121CDE0FE000906902 /* AppDelegate.swift */; };
		9960A71A1CDE0FE000906902 /* Assets.xcassets in Resources */ = {isa = PBXBuildFile; fileRef = 9960A7191CDE0FE000906902 /* Assets.xcassets */; };
		9960A71D1CDE0FE000906902 /* LaunchScreen.storyboard in Resources */ = {isa = PBXBuildFile; fileRef = 9960A71B1CDE0FE000906902 /* LaunchScreen.storyboard */; };
		9960A72A1CDE107200906902 /* InstagramVC.swift in Sources */ = {isa = PBXBuildFile; fileRef = 9960A7291CDE107200906902 /* InstagramVC.swift */; };
		9960A72C1CDE140B00906902 /* InstagramPost.swift in Sources */ = {isa = PBXBuildFile; fileRef = 9960A72B1CDE140B00906902 /* InstagramPost.swift */; };
		9960A72E1CDE14CB00906902 /* ApiManager.swift in Sources */ = {isa = PBXBuildFile; fileRef = 9960A72D1CDE14CB00906902 /* ApiManager.swift */; };
		9960A7301CDE182B00906902 /* Constants.swift in Sources */ = {isa = PBXBuildFile; fileRef = 9960A72F1CDE182B00906902 /* Constants.swift */; };
		9960A7341CDE18B600906902 /* TimeConverter.swift in Sources */ = {isa = PBXBuildFile; fileRef = 9960A7331CDE18B600906902 /* TimeConverter.swift */; };
		9960A7361CDE1B1800906902 /* InstagramTableViewCell.swift in Sources */ = {isa = PBXBuildFile; fileRef = 9960A7351CDE1B1800906902 /* InstagramTableViewCell.swift */; };
/* End PBXBuildFile section */

/* Begin PBXFileReference section */
		4CB9091EEE44B3886883C58C /* Pods-Instagram Client.debug.xcconfig */ = {isa = PBXFileReference; includeInIndex = 1; lastKnownFileType = text.xcconfig; name = "Pods-Instagram Client.debug.xcconfig"; path = "Pods/Target Support Files/Pods-Instagram Client/Pods-Instagram Client.debug.xcconfig"; sourceTree = "<group>"; };
		78CC0A8BB248F3B212CA2504 /* Pods_Instagram_Client.framework */ = {isa = PBXFileReference; explicitFileType = wrapper.framework; includeInIndex = 0; path = Pods_Instagram_Client.framework; sourceTree = BUILT_PRODUCTS_DIR; };
		9937B91D1CE13C5000A4265A /* YKEasyAlertController.swift */ = {isa = PBXFileReference; fileEncoding = 4; lastKnownFileType = sourcecode.swift; path = YKEasyAlertController.swift; sourceTree = "<group>"; };
		9937B91F1CE13DDE00A4265A /* PhotoDetailVC.swift */ = {isa = PBXFileReference; fileEncoding = 4; lastKnownFileType = sourcecode.swift; path = PhotoDetailVC.swift; sourceTree = "<group>"; };
		9960A70F1CDE0FE000906902 /* Instagram Client.app */ = {isa = PBXFileReference; explicitFileType = wrapper.application; includeInIndex = 0; path = "Instagram Client.app"; sourceTree = BUILT_PRODUCTS_DIR; };
		9960A7121CDE0FE000906902 /* AppDelegate.swift */ = {isa = PBXFileReference; lastKnownFileType = sourcecode.swift; path = AppDelegate.swift; sourceTree = "<group>"; };
		9960A7191CDE0FE000906902 /* Assets.xcassets */ = {isa = PBXFileReference; lastKnownFileType = folder.assetcatalog; path = Assets.xcassets; sourceTree = "<group>"; };
		9960A71C1CDE0FE000906902 /* Base */ = {isa = PBXFileReference; lastKnownFileType = file.storyboard; name = Base; path = Base.lproj/LaunchScreen.storyboard; sourceTree = "<group>"; };
		9960A71E1CDE0FE000906902 /* Info.plist */ = {isa = PBXFileReference; lastKnownFileType = text.plist.xml; path = Info.plist; sourceTree = "<group>"; };
		9960A7291CDE107200906902 /* InstagramVC.swift */ = {isa = PBXFileReference; fileEncoding = 4; lastKnownFileType = sourcecode.swift; path = InstagramVC.swift; sourceTree = "<group>"; };
		9960A72B1CDE140B00906902 /* InstagramPost.swift */ = {isa = PBXFileReference; fileEncoding = 4; lastKnownFileType = sourcecode.swift; path = InstagramPost.swift; sourceTree = "<group>"; };
		9960A72D1CDE14CB00906902 /* ApiManager.swift */ = {isa = PBXFileReference; fileEncoding = 4; lastKnownFileType = sourcecode.swift; path = ApiManager.swift; sourceTree = "<group>"; };
		9960A72F1CDE182B00906902 /* Constants.swift */ = {isa = PBXFileReference; fileEncoding = 4; lastKnownFileType = sourcecode.swift; path = Constants.swift; sourceTree = "<group>"; };
		9960A7331CDE18B600906902 /* TimeConverter.swift */ = {isa = PBXFileReference; fileEncoding = 4; lastKnownFileType = sourcecode.swift; path = TimeConverter.swift; sourceTree = "<group>"; };
		9960A7351CDE1B1800906902 /* InstagramTableViewCell.swift */ = {isa = PBXFileReference; fileEncoding = 4; lastKnownFileType = sourcecode.swift; path = InstagramTableViewCell.swift; sourceTree = "<group>"; };
		C497CB01254FAA82C0CA26A9 /* Pods-Instagram Client.release.xcconfig */ = {isa = PBXFileReference; includeInIndex = 1; lastKnownFileType = text.xcconfig; name = "Pods-Instagram Client.release.xcconfig"; path = "Pods/Target Support Files/Pods-Instagram Client/Pods-Instagram Client.release.xcconfig"; sourceTree = "<group>"; };
/* End PBXFileReference section */

/* Begin PBXFrameworksBuildPhase section */
		9960A70C1CDE0FE000906902 /* Frameworks */ = {
			isa = PBXFrameworksBuildPhase;
			buildActionMask = 2147483647;
			files = (
				85BC94A90A7CC9773FDC2C22 /* Pods_Instagram_Client.framework in Frameworks */,
			);
			runOnlyForDeploymentPostprocessing = 0;
		};
/* End PBXFrameworksBuildPhase section */

/* Begin PBXGroup section */
		412327EE5C035376E6E1DB31 /* Pods */ = {
			isa = PBXGroup;
			children = (
				4CB9091EEE44B3886883C58C /* Pods-Instagram Client.debug.xcconfig */,
				C497CB01254FAA82C0CA26A9 /* Pods-Instagram Client.release.xcconfig */,
			);
			name = Pods;
			sourceTree = "<group>";
		};
		4BF5C0F05248EDB0D8E202A0 /* Frameworks */ = {
			isa = PBXGroup;
			children = (
				78CC0A8BB248F3B212CA2504 /* Pods_Instagram_Client.framework */,
			);
			name = Frameworks;
			sourceTree = "<group>";
		};
		9960A7061CDE0FE000906902 = {
			isa = PBXGroup;
			children = (
				9960A7111CDE0FE000906902 /* Instagram Client */,
				9960A7101CDE0FE000906902 /* Products */,
				412327EE5C035376E6E1DB31 /* Pods */,
				4BF5C0F05248EDB0D8E202A0 /* Frameworks */,
			);
			sourceTree = "<group>";
		};
		9960A7101CDE0FE000906902 /* Products */ = {
			isa = PBXGroup;
			children = (
				9960A70F1CDE0FE000906902 /* Instagram Client.app */,
			);
			name = Products;
			sourceTree = "<group>";
		};
		9960A7111CDE0FE000906902 /* Instagram Client */ = {
			isa = PBXGroup;
			children = (
				9960A7241CDE100200906902 /* Model */,
				9960A7251CDE100C00906902 /* View */,
				9960A7261CDE101000906902 /* Controller */,
				9960A7271CDE101B00906902 /* Api */,
				9960A7281CDE101F00906902 /* Other */,
			);
			path = "Instagram Client";
			sourceTree = "<group>";
		};
		9960A7241CDE100200906902 /* Model */ = {
			isa = PBXGroup;
			children = (
				9960A72B1CDE140B00906902 /* InstagramPost.swift */,
			);
			name = Model;
			sourceTree = "<group>";
		};
		9960A7251CDE100C00906902 /* View */ = {
			isa = PBXGroup;
			children = (
				9960A7351CDE1B1800906902 /* InstagramTableViewCell.swift */,
			);
			name = View;
			sourceTree = "<group>";
		};
		9960A7261CDE101000906902 /* Controller */ = {
			isa = PBXGroup;
			children = (
				9960A7291CDE107200906902 /* InstagramVC.swift */,
				9937B91F1CE13DDE00A4265A /* PhotoDetailVC.swift */,
			);
			name = Controller;
			sourceTree = "<group>";
		};
		9960A7271CDE101B00906902 /* Api */ = {
			isa = PBXGroup;
			children = (
				9960A72D1CDE14CB00906902 /* ApiManager.swift */,
				9960A7331CDE18B600906902 /* TimeConverter.swift */,
			);
			name = Api;
			sourceTree = "<group>";
		};
		9960A7281CDE101F00906902 /* Other */ = {
			isa = PBXGroup;
			children = (
				9960A72F1CDE182B00906902 /* Constants.swift */,
				9937B91D1CE13C5000A4265A /* YKEasyAlertController.swift */,
				9960A7121CDE0FE000906902 /* AppDelegate.swift */,
				9960A7191CDE0FE000906902 /* Assets.xcassets */,
				9960A71E1CDE0FE000906902 /* Info.plist */,
				9960A71B1CDE0FE000906902 /* LaunchScreen.storyboard */,
			);
			name = Other;
			sourceTree = "<group>";
		};
/* End PBXGroup section */

/* Begin PBXNativeTarget section */
		9960A70E1CDE0FE000906902 /* Instagram Client */ = {
			isa = PBXNativeTarget;
			buildConfigurationList = 9960A7211CDE0FE000906902 /* Build configuration list for PBXNativeTarget "Instagram Client" */;
			buildPhases = (
				73D1A8EECF9C4A38AFB7B53B /* Check Pods Manifest.lock */,
				9960A70B1CDE0FE000906902 /* Sources */,
				9960A70C1CDE0FE000906902 /* Frameworks */,
				9960A70D1CDE0FE000906902 /* Resources */,
				5202B4A90F09D6A4FF676945 /* Embed Pods Frameworks */,
				1E8D0E8BAB4F4ACBEA18A5C1 /* Copy Pods Resources */,
			);
			buildRules = (
			);
			dependencies = (
			);
			name = "Instagram Client";
			productName = "Instagram Client";
			productReference = 9960A70F1CDE0FE000906902 /* Instagram Client.app */;
			productType = "com.apple.product-type.application";
		};
/* End PBXNativeTarget section */

/* Begin PBXProject section */
		9960A7071CDE0FE000906902 /* Project object */ = {
			isa = PBXProject;
			attributes = {
				LastSwiftUpdateCheck = 0730;
				LastUpgradeCheck = 0730;
				ORGANIZATIONNAME = yusuf_kildan;
				TargetAttributes = {
					9960A70E1CDE0FE000906902 = {
						CreatedOnToolsVersion = 7.3;
					};
				};
			};
			buildConfigurationList = 9960A70A1CDE0FE000906902 /* Build configuration list for PBXProject "Instagram Client" */;
			compatibilityVersion = "Xcode 3.2";
			developmentRegion = English;
			hasScannedForEncodings = 0;
			knownRegions = (
				en,
				Base,
			);
			mainGroup = 9960A7061CDE0FE000906902;
			productRefGroup = 9960A7101CDE0FE000906902 /* Products */;
			projectDirPath = "";
			projectRoot = "";
			targets = (
				9960A70E1CDE0FE000906902 /* Instagram Client */,
			);
		};
/* End PBXProject section */

/* Begin PBXResourcesBuildPhase section */
		9960A70D1CDE0FE000906902 /* Resources */ = {
			isa = PBXResourcesBuildPhase;
			buildActionMask = 2147483647;
			files = (
				9960A71D1CDE0FE000906902 /* LaunchScreen.storyboard in Resources */,
				9960A71A1CDE0FE000906902 /* Assets.xcassets in Resources */,
			);
			runOnlyForDeploymentPostprocessing = 0;
		};
/* End PBXResourcesBuildPhase section */

/* Begin PBXShellScriptBuildPhase section */
		1E8D0E8BAB4F4ACBEA18A5C1 /* Copy Pods Resources */ = {
			isa = PBXShellScriptBuildPhase;
			buildActionMask = 2147483647;
			files = (
			);
			inputPaths = (
			);
			name = "Copy Pods Resources";
			outputPaths = (
			);
			runOnlyForDeploymentPostprocessing = 0;
			shellPath = /bin/sh;
			shellScript = "\"${SRCROOT}/Pods/Target Support Files/Pods-Instagram Client/Pods-Instagram Client-resources.sh\"\n";
			showEnvVarsInLog = 0;
		};
		5202B4A90F09D6A4FF676945 /* Embed Pods Frameworks */ = {
			isa = PBXShellScriptBuildPhase;
			buildActionMask = 2147483647;
			files = (
			);
			inputPaths = (
			);
			name = "Embed Pods Frameworks";
			outputPaths = (
			);
			runOnlyForDeploymentPostprocessing = 0;
			shellPath = /bin/sh;
			shellScript = "\"${SRCROOT}/Pods/Target Support Files/Pods-Instagram Client/Pods-Instagram Client-frameworks.sh\"\n";
			showEnvVarsInLog = 0;
		};
		73D1A8EECF9C4A38AFB7B53B /* Check Pods Manifest.lock */ = {
			isa = PBXShellScriptBuildPhase;
			buildActionMask = 2147483647;
			files = (
			);
			inputPaths = (
			);
			name = "Check Pods Manifest.lock";
			outputPaths = (
			);
			runOnlyForDeploymentPostprocessing = 0;
			shellPath = /bin/sh;
			shellScript = "diff \"${PODS_ROOT}/../Podfile.lock\" \"${PODS_ROOT}/Manifest.lock\" > /dev/null\nif [[ $? != 0 ]] ; then\n    cat << EOM\nerror: The sandbox is not in sync with the Podfile.lock. Run 'pod install' or update your CocoaPods installation.\nEOM\n    exit 1\nfi\n";
			showEnvVarsInLog = 0;
		};
/* End PBXShellScriptBuildPhase section */

/* Begin PBXSourcesBuildPhase section */
		9960A70B1CDE0FE000906902 /* Sources */ = {
			isa = PBXSourcesBuildPhase;
			buildActionMask = 2147483647;
			files = (
				9960A7361CDE1B1800906902 /* InstagramTableViewCell.swift in Sources */,
				9960A7301CDE182B00906902 /* Constants.swift in Sources */,
				9937B91E1CE13C5000A4265A /* YKEasyAlertController.swift in Sources */,
				9960A72E1CDE14CB00906902 /* ApiManager.swift in Sources */,
				9960A7131CDE0FE000906902 /* AppDelegate.swift in Sources */,
				9937B9201CE13DDE00A4265A /* PhotoDetailVC.swift in Sources */,
				9960A72C1CDE140B00906902 /* InstagramPost.swift in Sources */,
				9960A72A1CDE107200906902 /* InstagramVC.swift in Sources */,
				9960A7341CDE18B600906902 /* TimeConverter.swift in Sources */,
			);
			runOnlyForDeploymentPostprocessing = 0;
		};
/* End PBXSourcesBuildPhase section */

/* Begin PBXVariantGroup section */
		9960A71B1CDE0FE000906902 /* LaunchScreen.storyboard */ = {
			isa = PBXVariantGroup;
			children = (
				9960A71C1CDE0FE000906902 /* Base */,
			);
			name = LaunchScreen.storyboard;
			sourceTree = "<group>";
		};
/* End PBXVariantGroup section */

/* Begin XCBuildConfiguration section */
		9960A71F1CDE0FE000906902 /* Debug */ = {
			isa = XCBuildConfiguration;
			buildSettings = {
				ALWAYS_SEARCH_USER_PATHS = NO;
				CLANG_ANALYZER_NONNULL = YES;
				CLANG_CXX_LANGUAGE_STANDARD = "gnu++0x";
				CLANG_CXX_LIBRARY = "libc++";
				CLANG_ENABLE_MODULES = YES;
				CLANG_ENABLE_OBJC_ARC = YES;
				CLANG_WARN_BOOL_CONVERSION = YES;
				CLANG_WARN_CONSTANT_CONVERSION = YES;
				CLANG_WARN_DIRECT_OBJC_ISA_USAGE = YES_ERROR;
				CLANG_WARN_EMPTY_BODY = YES;
				CLANG_WARN_ENUM_CONVERSION = YES;
				CLANG_WARN_INT_CONVERSION = YES;
				CLANG_WARN_OBJC_ROOT_CLASS = YES_ERROR;
				CLANG_WARN_UNREACHABLE_CODE = YES;
				CLANG_WARN__DUPLICATE_METHOD_MATCH = YES;
				"CODE_SIGN_IDENTITY[sdk=iphoneos*]" = "iPhone Developer";
				COPY_PHASE_STRIP = NO;
				DEBUG_INFORMATION_FORMAT = dwarf;
				ENABLE_STRICT_OBJC_MSGSEND = YES;
				ENABLE_TESTABILITY = YES;
				GCC_C_LANGUAGE_STANDARD = gnu99;
				GCC_DYNAMIC_NO_PIC = NO;
				GCC_NO_COMMON_BLOCKS = YES;
				GCC_OPTIMIZATION_LEVEL = 0;
				GCC_PREPROCESSOR_DEFINITIONS = (
					"DEBUG=1",
					"$(inherited)",
				);
				GCC_WARN_64_TO_32_BIT_CONVERSION = YES;
				GCC_WARN_ABOUT_RETURN_TYPE = YES_ERROR;
				GCC_WARN_UNDECLARED_SELECTOR = YES;
				GCC_WARN_UNINITIALIZED_AUTOS = YES_AGGRESSIVE;
				GCC_WARN_UNUSED_FUNCTION = YES;
				GCC_WARN_UNUSED_VARIABLE = YES;
				IPHONEOS_DEPLOYMENT_TARGET = 9.3;
				MTL_ENABLE_DEBUG_INFO = YES;
				ONLY_ACTIVE_ARCH = YES;
				SDKROOT = iphoneos;
				SWIFT_OPTIMIZATION_LEVEL = "-Onone";
				TARGETED_DEVICE_FAMILY = "1,2";
			};
			name = Debug;
		};
		9960A7201CDE0FE000906902 /* Release */ = {
			isa = XCBuildConfiguration;
			buildSettings = {
				ALWAYS_SEARCH_USER_PATHS = NO;
				CLANG_ANALYZER_NONNULL = YES;
				CLANG_CXX_LANGUAGE_STANDARD = "gnu++0x";
				CLANG_CXX_LIBRARY = "libc++";
				CLANG_ENABLE_MODULES = YES;
				CLANG_ENABLE_OBJC_ARC = YES;
				CLANG_WARN_BOOL_CONVERSION = YES;
				CLANG_WARN_CONSTANT_CONVERSION = YES;
				CLANG_WARN_DIRECT_OBJC_ISA_USAGE = YES_ERROR;
				CLANG_WARN_EMPTY_BODY = YES;
				CLANG_WARN_ENUM_CONVERSION = YES;
				CLANG_WARN_INT_CONVERSION = YES;
				CLANG_WARN_OBJC_ROOT_CLASS = YES_ERROR;
				CLANG_WARN_UNREACHABLE_CODE = YES;
				CLANG_WARN__DUPLICATE_METHOD_MATCH = YES;
				"CODE_SIGN_IDENTITY[sdk=iphoneos*]" = "iPhone Developer";
				COPY_PHASE_STRIP = NO;
				DEBUG_INFORMATION_FORMAT = "dwarf-with-dsym";
				ENABLE_NS_ASSERTIONS = NO;
				ENABLE_STRICT_OBJC_MSGSEND = YES;
				GCC_C_LANGUAGE_STANDARD = gnu99;
				GCC_NO_COMMON_BLOCKS = YES;
				GCC_WARN_64_TO_32_BIT_CONVERSION = YES;
				GCC_WARN_ABOUT_RETURN_TYPE = YES_ERROR;
				GCC_WARN_UNDECLARED_SELECTOR = YES;
				GCC_WARN_UNINITIALIZED_AUTOS = YES_AGGRESSIVE;
				GCC_WARN_UNUSED_FUNCTION = YES;
				GCC_WARN_UNUSED_VARIABLE = YES;
				IPHONEOS_DEPLOYMENT_TARGET = 9.3;
				MTL_ENABLE_DEBUG_INFO = NO;
				SDKROOT = iphoneos;
				TARGETED_DEVICE_FAMILY = "1,2";
				VALIDATE_PRODUCT = YES;
			};
			name = Release;
		};
		9960A7221CDE0FE000906902 /* Debug */ = {
			isa = XCBuildConfiguration;
			baseConfigurationReference = 4CB9091EEE44B3886883C58C /* Pods-Instagram Client.debug.xcconfig */;
			buildSettings = {
				ASSETCATALOG_COMPILER_APPICON_NAME = AppIcon;
				INFOPLIST_FILE = "Instagram Client/Info.plist";
				LD_RUNPATH_SEARCH_PATHS = "$(inherited) @executable_path/Frameworks";
				PRODUCT_BUNDLE_IDENTIFIER = "com.yusufkildan.Instagram-Client";
				PRODUCT_NAME = "$(TARGET_NAME)";
			};
			name = Debug;
		};
		9960A7231CDE0FE000906902 /* Release */ = {
			isa = XCBuildConfiguration;
			baseConfigurationReference = C497CB01254FAA82C0CA26A9 /* Pods-Instagram Client.release.xcconfig */;
			buildSettings = {
				ASSETCATALOG_COMPILER_APPICON_NAME = AppIcon;
				INFOPLIST_FILE = "Instagram Client/Info.plist";
				LD_RUNPATH_SEARCH_PATHS = "$(inherited) @executable_path/Frameworks";
				PRODUCT_BUNDLE_IDENTIFIER = "com.yusufkildan.Instagram-Client";
				PRODUCT_NAME = "$(TARGET_NAME)";
			};
			name = Release;
		};
/* End XCBuildConfiguration section */

/* Begin XCConfigurationList section */
		9960A70A1CDE0FE000906902 /* Build configuration list for PBXProject "Instagram Client" */ = {
			isa = XCConfigurationList;
			buildConfigurations = (
				9960A71F1CDE0FE000906902 /* Debug */,
				9960A7201CDE0FE000906902 /* Release */,
			);
			defaultConfigurationIsVisible = 0;
			defaultConfigurationName = Release;
		};
		9960A7211CDE0FE000906902 /* Build configuration list for PBXNativeTarget "Instagram Client" */ = {
			isa = XCConfigurationList;
			buildConfigurations = (
				9960A7221CDE0FE000906902 /* Debug */,
				9960A7231CDE0FE000906902 /* Release */,
			);
			defaultConfigurationIsVisible = 0;
			defaultConfigurationName = Release;
		};
/* End XCConfigurationList section */
	};
	rootObject = 9960A7071CDE0FE000906902 /* Project object */;
}
